lockfileVersion: '9.0'

settings:
  autoInstallPeers: true
  excludeLinksFromLockfile: false

packages:

  '@ai-sdk/provider-utils@2.2.8':
    resolution: {integrity: sha512-fqhG+4sCVv8x7nFzYnFo19ryhAa3w096Kmc3hWxMQfW/TubPOmt3A6tYZhl4mUfQWWQMsuSkLrtjlWuXBVSGQA==, tarball: https://registry.npmjs.org/@ai-sdk/provider-utils/-/provider-utils-2.2.8.tgz}
    engines: {node: '>=18'}
    peerDependencies:
      zod: ^3.23.8

  '@ai-sdk/provider-utils@3.0.30':
    resolution: {integrity: sha512-NCJ9JKow5ENAgEZxzvEvF20thwDiH+hutvzmrUDbloRX0azpJHNst8+7pZIVryYhLM9wgpT5/ShTSjPTFhkxEQ==, tarball: https://registry.npmjs.org/@ai-sdk/provider-utils/-/provider-utils-3.0.30.tgz}
    engines: {node: '>=18'}
    peerDependencies:
      zod: ^3.25.76 || ^4.1.8

  '@vitest/expect@4.1.10':
    resolution: {integrity: sha512-YsCn+qAk1GWjQOWFEsEcL2gNQ0zmVmQu3T03qP6UyjhtmdtwtbuI+DASn/7iQB3HGTXkdBwGddzxPlmiql5vlA==, tarball: https://registry.npmjs.org/@vitest/expect/-/expect-4.1.10.tgz}

  '@vitest/mocker@4.1.10':
    resolution: {integrity: sha512-v0xaezt+DKEmKfaxg133ldzADrwLGd7Ze1MfQQTYfvs8OqZIwbxyxaYURivwV7sWy5fqn3rH5uOrSp07bp44Ow==, tarball: https://registry.npmjs.org/@vitest/mocker/-/mocker-4.1.10.tgz}
    peerDependencies:
      msw: ^2.4.9
      vite: ^6.0.0 || ^7.0.0 || ^8.0.0
    peerDependenciesMeta:
      msw:
        optional: true
      vite:
        optional: true

  '@vitest/pretty-format@4.1.10':
    resolution: {integrity: sha512-W1HsjSH4MXQ9YfmmhLAoIYf1HRfekQCGngeIgcei6MP5QQGWUe0gkopdZQaVCFO+JDJMrAJGwa5pRpNpvy4P8Q==, tarball: https://registry.npmjs.org/@vitest/pretty-format/-/pretty-format-4.1.10.tgz}

  '@vitest/runner@4.1.10':
    resolution: {integrity: sha512-IKI6kpIH+LmpROplyLwBBaCfMgOZOMsygVa6BARD6ahA04VRuJSa6OaVG7kRvSEMD870Vd91rSSw0eegtWyLGg==, tarball: https://registry.npmjs.org/@vitest/runner/-/runner-4.1.10.tgz}

  '@vitest/snapshot@4.1.10':
    resolution: {integrity: sha512-xRkfOT1qpTAi/Ti4Y1LtfRc3kEuqxGw59eN2jN9pRWMtS/XDevekhcFSqvQqjUNGksfjMJu3Y+oJ+4Ypn2OaJw==, tarball: https://registry.npmjs.org/@vitest/snapshot/-/snapshot-4.1.10.tgz}

  '@vitest/spy@4.1.10':
    resolution: {integrity: sha512-PLf/Ugvoq5wO/b4rwYCR1h2PSIdXz7wnkQFMiUpLdtM7l6pqVFcQIBEHyT1+l+cj7mNwAfZHzqXqDyjvOuwbDw==, tarball: https://registry.npmjs.org/@vitest/spy/-/spy-4.1.10.tgz}

  '@vitest/utils@4.1.10':
    resolution: {integrity: sha512-fy9am/HWxbaGt/Sawrp90vt6Y6jQwf1RX77cz3uwoJwJVMli/e1IEwRPnMNJ7vKfPTwo0diXifkpPvwH9v7nGA==, tarball: https://registry.npmjs.org/@vitest/utils/-/utils-4.1.10.tgz}

  chai@6.2.2:
    resolution: {integrity: sha512-NUPRluOfOiTKBKvWPtSD4PhFvWCqOi0BGStNWs57X9js7XGTprSmFoz5F0tWhR4WPjNeR9jXqdC7/UpSJTnlRg==, tarball: https://registry.npmjs.org/chai/-/chai-6.2.2.tgz}
    engines: {node: '>=18'}

  expect-type@1.4.0:
    resolution: {integrity: sha512-KfYbmpRm0VbLjEvVa9yGwCi9GI34xvi7A/HXYWQO65CSD2u3MczUJSuwXKFIxlGsgBQizV9q5J9NHj4VG0n+pA==, tarball: https://registry.npmjs.org/expect-type/-/expect-type-1.4.0.tgz}
    engines: {node: '>=12.0.0'}

  pathe@2.0.3:
    resolution: {integrity: sha512-WUjGcAqP1gQacoQe+OBJsFA7Ld4DyXuUIjZ5cc75cLHvJ7dtNsTugphxIADwspS+AraAUePCKrSVtPLFj/F88w==, tarball: https://registry.npmjs.org/pathe/-/pathe-2.0.3.tgz}

  std-env@4.2.0:
    resolution: {integrity: sha512-oCUKSupKTHX53EyjDtuZQ64pjLJ6yYCtpmEw0goYxtjG9KpbRe8KAsl2tBUGU9DyMcJ0RwJ8GqJAFzMXcXW1Rw==, tarball: https://registry.npmjs.org/std-env/-/std-env-4.2.0.tgz}

  tinyrainbow@3.1.0:
    resolution: {integrity: sha512-Bf+ILmBgretUrdJxzXM0SgXLZ3XfiaUuOj/IKQHuTXip+05Xn+uyEYdVg0kYDipTBcLrCVyUzAPz7QmArb0mmw==, tarball: https://registry.npmjs.org/tinyrainbow/-/tinyrainbow-3.1.0.tgz}
    engines: {node: '>=14.0.0'}

  vitest@4.1.10:
    resolution: {integrity: sha512-R9jUTe5S4Qb0HCd4TNqpC7oGcrMssMRGXLW80ubjWsW9VH5GF8y1Y0SFLY9AbqSk6nt0PnOx4H4WNJYZ13GUPw==, tarball: https://registry.npmjs.org/vitest/-/vitest-4.1.10.tgz}
    engines: {node: ^20.0.0 || ^22.0.0 || >=24.0.0}
    hasBin: true
    peerDependencies:
      '@edge-runtime/vm': '*'
      '@opentelemetry/api': ^1.9.0
      '@types/node': ^20.0.0 || ^22.0.0 || >=24.0.0
      '@vitest/browser-playwright': 4.1.10
      '@vitest/browser-preview': 4.1.10
      '@vitest/browser-webdriverio': 4.1.10
      '@vitest/coverage-istanbul': 4.1.10
      '@vitest/coverage-v8': 4.1.10
      '@vitest/ui': 4.1.10
      happy-dom: '*'
      jsdom: '*'
      vite: ^6.0.0 || ^7.0.0 || ^8.0.0
    peerDependenciesMeta:
      '@edge-runtime/vm':
        optional: true
      '@opentelemetry/api':
        optional: true
      '@types/node':
        optional: true
      '@vitest/browser-playwright':
        optional: true
      '@vitest/browser-preview':
        optional: true
      '@vitest/browser-webdriverio':
        optional: true
      '@vitest/coverage-istanbul':
        optional: true
      '@vitest/coverage-v8':
        optional: true
      '@vitest/ui':
        optional: true
      happy-dom:
        optional: true
      jsdom:
        optional: true

  zod@3.25.76:
    resolution: {integrity: sha512-gzUt/qt81nXsFGKIFcC3YnfEAx5NkunCfnDlvuBSSFS02bcXu4Lmea0AFIUwbLWxWPx3d9p8S5QoaujKcNQxcQ==, tarball: https://registry.npmjs.org/zod/-/zod-3.25.76.tgz}
